{
  "name": "@diemrt/harness",
  "version": "0.2.0",
  "lockfileVersion": 3,
  "requires": true,
  "packages": {
    "": {
      "name": "@diemrt/harness",
      "version": "0.2.0",
      "license": "MIT",
      "bin": {
        "harness": "src/cli.mjs"
      },
      "engines": {
        "node": ">=18"
      }
    }
  }
}
